
Microsoft Visual Studio Solution File, Format Version 12.00
# Visual Studio 15
VisualStudioVersion = 15.0.28010.2050
MinimumVisualStudioVersion = 10.0.40219.1
Project("{9A19103F-16F7-4668-BE54-9A1E7A4F7556}") = "demoBusinessReport", "demoBusinessReport.csproj", "{70187063-51A4-4B8D-AACC-08E5021D01DA}"
EndProject
Global
	GlobalSection(SolutionConfigurationPlatforms) = preSolution
		Debug|Any CPU = Debug|Any CPU
		Release|Any CPU = Release|Any CPU
	EndGlobalSection
	GlobalSection(ProjectConfigurationPlatforms) = postSolution
		{70187063-51A4-4B8D-AACC-08E5021D01DA}.Debug|Any CPU.ActiveCfg = Debug|Any CPU
		{70187063-51A4-4B8D-AACC-08E5021D01DA}.Debug|Any CPU.Build.0 = Debug|Any CPU
		{70187063-51A4-4B8D-AACC-08E5021D01DA}.Release|Any CPU.ActiveCfg = Release|Any CPU
		{70187063-51A4-4B8D-AACC-08E5021D01DA}.Release|Any CPU.Build.0 = Release|Any CPU
	EndGlobalSection
	GlobalSection(SolutionProperties) = preSolution
		HideSolutionNode = FALSE
	EndGlobalSection
	GlobalSection(ExtensibilityGlobals) = postSolution
		SolutionGuid = {5F235EC3-A034-48EA-8794-93162A26B4F8}
	EndGlobalSection
EndGlobal
